
Microsoft Visual Studio Solution File, Format Version 12.00
# Visual Studio 15
VisualStudioVersion = 15.0.26124.0
MinimumVisualStudioVersion = 15.0.26124.0
Project("{FAE04EC0-301F-11D3-BF4B-00C04F79EFBC}") = "ProductApi", "ProductApi\ProductApi.csproj", "{5488F221-0FD8-47BD-8E7F-EB15CA7EE9CE}"
EndProject
Project("{FAE04EC0-301F-11D3-BF4B-00C04F79EFBC}") = "gateway", "gateway\gateway.csproj", "{819E59E2-C0DF-447B-99D8-C9728FC422E2}"
EndProject
Project("{FAE04EC0-301F-11D3-BF4B-00C04F79EFBC}") = "CatalogApi", "CatalogApi\CatalogApi.csproj", "{142C63F9-B512-4709-851A-2778FCE4D405}"
EndProject
Global
	GlobalSection(SolutionConfigurationPlatforms) = preSolution
		Debug|Any CPU = Debug|Any CPU
		Debug|x64 = Debug|x64
		Debug|x86 = Debug|x86
		Release|Any CPU = Release|Any CPU
		Release|x64 = Release|x64
		Release|x86 = Release|x86
	EndGlobalSection
	GlobalSection(SolutionProperties) = preSolution
		HideSolutionNode = FALSE
	EndGlobalSection
	GlobalSection(ProjectConfigurationPlatforms) = postSolution
		{5488F221-0FD8-47BD-8E7F-EB15CA7EE9CE}.Debug|Any CPU.ActiveCfg = Debug|Any CPU
		{5488F221-0FD8-47BD-8E7F-EB15CA7EE9CE}.Debug|Any CPU.Build.0 = Debug|Any CPU
		{5488F221-0FD8-47BD-8E7F-EB15CA7EE9CE}.Debug|x64.ActiveCfg = Debug|Any CPU
		{5488F221-0FD8-47BD-8E7F-EB15CA7EE9CE}.Debug|x64.Build.0 = Debug|Any CPU
		{5488F221-0FD8-47BD-8E7F-EB15CA7EE9CE}.Debug|x86.ActiveCfg = Debug|Any CPU
		{5488F221-0FD8-47BD-8E7F-EB15CA7EE9CE}.Debug|x86.Build.0 = Debug|Any CPU
		{5488F221-0FD8-47BD-8E7F-EB15CA7EE9CE}.Release|Any CPU.ActiveCfg = Release|Any CPU
		{5488F221-0FD8-47BD-8E7F-EB15CA7EE9CE}.Release|Any CPU.Build.0 = Release|Any CPU
		{5488F221-0FD8-47BD-8E7F-EB15CA7EE9CE}.Release|x64.ActiveCfg = Release|Any CPU
		{5488F221-0FD8-47BD-8E7F-EB15CA7EE9CE}.Release|x64.Build.0 = Release|Any CPU
		{5488F221-0FD8-47BD-8E7F-EB15CA7EE9CE}.Release|x86.ActiveCfg = Release|Any CPU
		{5488F221-0FD8-47BD-8E7F-EB15CA7EE9CE}.Release|x86.Build.0 = Release|Any CPU
		{819E59E2-C0DF-447B-99D8-C9728FC422E2}.Debug|Any CPU.ActiveCfg = Debug|Any CPU
		{819E59E2-C0DF-447B-99D8-C9728FC422E2}.Debug|Any CPU.Build.0 = Debug|Any CPU
		{819E59E2-C0DF-447B-99D8-C9728FC422E2}.Debug|x64.ActiveCfg = Debug|Any CPU
		{819E59E2-C0DF-447B-99D8-C9728FC422E2}.Debug|x64.Build.0 = Debug|Any CPU
		{819E59E2-C0DF-447B-99D8-C9728FC422E2}.Debug|x86.ActiveCfg = Debug|Any CPU
		{819E59E2-C0DF-447B-99D8-C9728FC422E2}.Debug|x86.Build.0 = Debug|Any CPU
		{819E59E2-C0DF-447B-99D8-C9728FC422E2}.Release|Any CPU.ActiveCfg = Release|Any CPU
		{819E59E2-C0DF-447B-99D8-C9728FC422E2}.Release|Any CPU.Build.0 = Release|Any CPU
		{819E59E2-C0DF-447B-99D8-C9728FC422E2}.Release|x64.ActiveCfg = Release|Any CPU
		{819E59E2-C0DF-447B-99D8-C9728FC422E2}.Release|x64.Build.0 = Release|Any CPU
		{819E59E2-C0DF-447B-99D8-C9728FC422E2}.Release|x86.ActiveCfg = Release|Any CPU
		{819E59E2-C0DF-447B-99D8-C9728FC422E2}.Release|x86.Build.0 = Release|Any CPU
		{142C63F9-B512-4709-851A-2778FCE4D405}.Debug|Any CPU.ActiveCfg = Debug|Any CPU
		{142C63F9-B512-4709-851A-2778FCE4D405}.Debug|Any CPU.Build.0 = Debug|Any CPU
		{142C63F9-B512-4709-851A-2778FCE4D405}.Debug|x64.ActiveCfg = Debug|Any CPU
		{142C63F9-B512-4709-851A-2778FCE4D405}.Debug|x64.Build.0 = Debug|Any CPU
		{142C63F9-B512-4709-851A-2778FCE4D405}.Debug|x86.ActiveCfg = Debug|Any CPU
		{142C63F9-B512-4709-851A-2778FCE4D405}.Debug|x86.Build.0 = Debug|Any CPU
		{142C63F9-B512-4709-851A-2778FCE4D405}.Release|Any CPU.ActiveCfg = Release|Any CPU
		{142C63F9-B512-4709-851A-2778FCE4D405}.Release|Any CPU.Build.0 = Release|Any CPU
		{142C63F9-B512-4709-851A-2778FCE4D405}.Release|x64.ActiveCfg = Release|Any CPU
		{142C63F9-B512-4709-851A-2778FCE4D405}.Release|x64.Build.0 = Release|Any CPU
		{142C63F9-B512-4709-851A-2778FCE4D405}.Release|x86.ActiveCfg = Release|Any CPU
		{142C63F9-B512-4709-851A-2778FCE4D405}.Release|x86.Build.0 = Release|Any CPU
	EndGlobalSection
EndGlobal
